
Microsoft Visual Studio Solution File, Format Version 12.00
# Visual Studio 14
VisualStudioVersion = 14.0.25420.1
MinimumVisualStudioVersion = 10.0.40219.1
Project("{FAE04EC0-301F-11D3-BF4B-00C04F79EFBC}") = "Xtend.Domain.Shared", "Xtend.Domain.Shared\Xtend.Domain.Shared.csproj", "{E84F791C-75A6-4AF3-B05E-C3981F0FB845}"
EndProject
Project("{2150E333-8FDC-42A3-9474-1A3956D46DE8}") = "Accounts", "Accounts", "{C1AEB1E1-FD6E-4CF7-ADD8-E35AFEF6F8C4}"
EndProject
Project("{FAE04EC0-301F-11D3-BF4B-00C04F79EFBC}") = "Xtend.Domain.Accounts", "Xtend.Domain.Accounts\Xtend.Domain.Accounts.csproj", "{B36D9128-B203-414C-A29A-95556FFAD775}"
EndProject
Project("{FAE04EC0-301F-11D3-BF4B-00C04F79EFBC}") = "Xtend.Domain.Accounts.DataAccess", "Xtend.Domain.Accounts.DataAccess\Xtend.Domain.Accounts.DataAccess.csproj", "{2CCB9AC0-76F2-4074-9201-94AC9481E2A6}"
EndProject
Project("{FAE04EC0-301F-11D3-BF4B-00C04F79EFBC}") = "Xtend.Domain.Accounts.Interfaces", "Xtend.Domain.Accounts.Interfaces\Xtend.Domain.Accounts.Interfaces.csproj", "{11957C7E-171E-4D31-B50A-ACE628DF2AB1}"
EndProject
Project("{FAE04EC0-301F-11D3-BF4B-00C04F79EFBC}") = "Xtend.Domain.Accounts.Models", "Xtend.Domain.Accounts.Models\Xtend.Domain.Accounts.Models.csproj", "{03B6ADCB-34B4-40D6-B0F2-DAB995D470A5}"
EndProject
Project("{FAE04EC0-301F-11D3-BF4B-00C04F79EFBC}") = "Xtend.Test.Domain.Accounts", "Xtend.Test.Domain.Accounts\Xtend.Test.Domain.Accounts.csproj", "{8F6419FA-9EB0-4922-BE2C-4381526B09A9}"
EndProject
Project("{FAE04EC0-301F-11D3-BF4B-00C04F79EFBC}") = "Xtend.Web", "Xtend.Web\Xtend.Web.csproj", "{F96DC7A1-B075-436D-B6F9-0909C86D50B0}"
EndProject
Global
	GlobalSection(SolutionConfigurationPlatforms) = preSolution
		Debug|Any CPU = Debug|Any CPU
		Debug|ARM = Debug|ARM
		Debug|x64 = Debug|x64
		Debug|x86 = Debug|x86
		Release|Any CPU = Release|Any CPU
		Release|ARM = Release|ARM
		Release|x64 = Release|x64
		Release|x86 = Release|x86
	EndGlobalSection
	GlobalSection(ProjectConfigurationPlatforms) = postSolution
		{E84F791C-75A6-4AF3-B05E-C3981F0FB845}.Debug|Any CPU.ActiveCfg = Debug|Any CPU
		{E84F791C-75A6-4AF3-B05E-C3981F0FB845}.Debug|Any CPU.Build.0 = Debug|Any CPU
		{E84F791C-75A6-4AF3-B05E-C3981F0FB845}.Debug|ARM.ActiveCfg = Debug|Any CPU
		{E84F791C-75A6-4AF3-B05E-C3981F0FB845}.Debug|ARM.Build.0 = Debug|Any CPU
		{E84F791C-75A6-4AF3-B05E-C3981F0FB845}.Debug|x64.ActiveCfg = Debug|Any CPU
		{E84F791C-75A6-4AF3-B05E-C3981F0FB845}.Debug|x64.Build.0 = Debug|Any CPU
		{E84F791C-75A6-4AF3-B05E-C3981F0FB845}.Debug|x86.ActiveCfg = Debug|Any CPU
		{E84F791C-75A6-4AF3-B05E-C3981F0FB845}.Debug|x86.Build.0 = Debug|Any CPU
		{E84F791C-75A6-4AF3-B05E-C3981F0FB845}.Release|Any CPU.ActiveCfg = Release|Any CPU
		{E84F791C-75A6-4AF3-B05E-C3981F0FB845}.Release|Any CPU.Build.0 = Release|Any CPU
		{E84F791C-75A6-4AF3-B05E-C3981F0FB845}.Release|ARM.ActiveCfg = Release|Any CPU
		{E84F791C-75A6-4AF3-B05E-C3981F0FB845}.Release|ARM.Build.0 = Release|Any CPU
		{E84F791C-75A6-4AF3-B05E-C3981F0FB845}.Release|x64.ActiveCfg = Release|Any CPU
		{E84F791C-75A6-4AF3-B05E-C3981F0FB845}.Release|x64.Build.0 = Release|Any CPU
		{E84F791C-75A6-4AF3-B05E-C3981F0FB845}.Release|x86.ActiveCfg = Release|Any CPU
		{E84F791C-75A6-4AF3-B05E-C3981F0FB845}.Release|x86.Build.0 = Release|Any CPU
		{B36D9128-B203-414C-A29A-95556FFAD775}.Debug|Any CPU.ActiveCfg = Debug|Any CPU
		{B36D9128-B203-414C-A29A-95556FFAD775}.Debug|Any CPU.Build.0 = Debug|Any CPU
		{B36D9128-B203-414C-A29A-95556FFAD775}.Debug|ARM.ActiveCfg = Debug|Any CPU
		{B36D9128-B203-414C-A29A-95556FFAD775}.Debug|ARM.Build.0 = Debug|Any CPU
		{B36D9128-B203-414C-A29A-95556FFAD775}.Debug|x64.ActiveCfg = Debug|Any CPU
		{B36D9128-B203-414C-A29A-95556FFAD775}.Debug|x64.Build.0 = Debug|Any CPU
		{B36D9128-B203-414C-A29A-95556FFAD775}.Debug|x86.ActiveCfg = Debug|Any CPU
		{B36D9128-B203-414C-A29A-95556FFAD775}.Debug|x86.Build.0 = Debug|Any CPU
		{B36D9128-B203-414C-A29A-95556FFAD775}.Release|Any CPU.ActiveCfg = Release|Any CPU
		{B36D9128-B203-414C-A29A-95556FFAD775}.Release|Any CPU.Build.0 = Release|Any CPU
		{B36D9128-B203-414C-A29A-95556FFAD775}.Release|ARM.ActiveCfg = Release|Any CPU
		{B36D9128-B203-414C-A29A-95556FFAD775}.Release|ARM.Build.0 = Release|Any CPU
		{B36D9128-B203-414C-A29A-95556FFAD775}.Release|x64.ActiveCfg = Release|Any CPU
		{B36D9128-B203-414C-A29A-95556FFAD775}.Release|x64.Build.0 = Release|Any CPU
		{B36D9128-B203-414C-A29A-95556FFAD775}.Release|x86.ActiveCfg = Release|Any CPU
		{B36D9128-B203-414C-A29A-95556FFAD775}.Release|x86.Build.0 = Release|Any CPU
		{2CCB9AC0-76F2-4074-9201-94AC9481E2A6}.Debug|Any CPU.ActiveCfg = Debug|Any CPU
		{2CCB9AC0-76F2-4074-9201-94AC9481E2A6}.Debug|Any CPU.Build.0 = Debug|Any CPU
		{2CCB9AC0-76F2-4074-9201-94AC9481E2A6}.Debug|ARM.ActiveCfg = Debug|Any CPU
		{2CCB9AC0-76F2-4074-9201-94AC9481E2A6}.Debug|ARM.Build.0 = Debug|Any CPU
		{2CCB9AC0-76F2-4074-9201-94AC9481E2A6}.Debug|x64.ActiveCfg = Debug|Any CPU
		{2CCB9AC0-76F2-4074-9201-94AC9481E2A6}.Debug|x64.Build.0 = Debug|Any CPU
		{2CCB9AC0-76F2-4074-9201-94AC9481E2A6}.Debug|x86.ActiveCfg = Debug|Any CPU
		{2CCB9AC0-76F2-4074-9201-94AC9481E2A6}.Debug|x86.Build.0 = Debug|Any CPU
		{2CCB9AC0-76F2-4074-9201-94AC9481E2A6}.Release|Any CPU.ActiveCfg = Release|Any CPU
		{2CCB9AC0-76F2-4074-9201-94AC9481E2A6}.Release|Any CPU.Build.0 = Release|Any CPU
		{2CCB9AC0-76F2-4074-9201-94AC9481E2A6}.Release|ARM.ActiveCfg = Release|Any CPU
		{2CCB9AC0-76F2-4074-9201-94AC9481E2A6}.Release|ARM.Build.0 = Release|Any CPU
		{2CCB9AC0-76F2-4074-9201-94AC9481E2A6}.Release|x64.ActiveCfg = Release|Any CPU
		{2CCB9AC0-76F2-4074-9201-94AC9481E2A6}.Release|x64.Build.0 = Release|Any CPU
		{2CCB9AC0-76F2-4074-9201-94AC9481E2A6}.Release|x86.ActiveCfg = Release|Any CPU
		{2CCB9AC0-76F2-4074-9201-94AC9481E2A6}.Release|x86.Build.0 = Release|Any CPU
		{11957C7E-171E-4D31-B50A-ACE628DF2AB1}.Debug|Any CPU.ActiveCfg = Debug|Any CPU
		{11957C7E-171E-4D31-B50A-ACE628DF2AB1}.Debug|Any CPU.Build.0 = Debug|Any CPU
		{11957C7E-171E-4D31-B50A-ACE628DF2AB1}.Debug|ARM.ActiveCfg = Debug|Any CPU
		{11957C7E-171E-4D31-B50A-ACE628DF2AB1}.Debug|ARM.Build.0 = Debug|Any CPU
		{11957C7E-171E-4D31-B50A-ACE628DF2AB1}.Debug|x64.ActiveCfg = Debug|Any CPU
		{11957C7E-171E-4D31-B50A-ACE628DF2AB1}.Debug|x64.Build.0 = Debug|Any CPU
		{11957C7E-171E-4D31-B50A-ACE628DF2AB1}.Debug|x86.ActiveCfg = Debug|Any CPU
		{11957C7E-171E-4D31-B50A-ACE628DF2AB1}.Debug|x86.Build.0 = Debug|Any CPU
		{11957C7E-171E-4D31-B50A-ACE628DF2AB1}.Release|Any CPU.ActiveCfg = Release|Any CPU
		{11957C7E-171E-4D31-B50A-ACE628DF2AB1}.Release|Any CPU.Build.0 = Release|Any CPU
		{11957C7E-171E-4D31-B50A-ACE628DF2AB1}.Release|ARM.ActiveCfg = Release|Any CPU
		{11957C7E-171E-4D31-B50A-ACE628DF2AB1}.Release|ARM.Build.0 = Release|Any CPU
		{11957C7E-171E-4D31-B50A-ACE628DF2AB1}.Release|x64.ActiveCfg = Release|Any CPU
		{11957C7E-171E-4D31-B50A-ACE628DF2AB1}.Release|x64.Build.0 = Release|Any CPU
		{11957C7E-171E-4D31-B50A-ACE628DF2AB1}.Release|x86.ActiveCfg = Release|Any CPU
		{11957C7E-171E-4D31-B50A-ACE628DF2AB1}.Release|x86.Build.0 = Release|Any CPU
		{03B6ADCB-34B4-40D6-B0F2-DAB995D470A5}.Debug|Any CPU.ActiveCfg = Debug|Any CPU
		{03B6ADCB-34B4-40D6-B0F2-DAB995D470A5}.Debug|Any CPU.Build.0 = Debug|Any CPU
		{03B6ADCB-34B4-40D6-B0F2-DAB995D470A5}.Debug|ARM.ActiveCfg = Debug|Any CPU
		{03B6ADCB-34B4-40D6-B0F2-DAB995D470A5}.Debug|ARM.Build.0 = Debug|Any CPU
		{03B6ADCB-34B4-40D6-B0F2-DAB995D470A5}.Debug|x64.ActiveCfg = Debug|Any CPU
		{03B6ADCB-34B4-40D6-B0F2-DAB995D470A5}.Debug|x64.Build.0 = Debug|Any CPU
		{03B6ADCB-34B4-40D6-B0F2-DAB995D470A5}.Debug|x86.ActiveCfg = Debug|Any CPU
		{03B6ADCB-34B4-40D6-B0F2-DAB995D470A5}.Debug|x86.Build.0 = Debug|Any CPU
		{03B6ADCB-34B4-40D6-B0F2-DAB995D470A5}.Release|Any CPU.ActiveCfg = Release|Any CPU
		{03B6ADCB-34B4-40D6-B0F2-DAB995D470A5}.Release|Any CPU.Build.0 = Release|Any CPU
		{03B6ADCB-34B4-40D6-B0F2-DAB995D470A5}.Release|ARM.ActiveCfg = Release|Any CPU
		{03B6ADCB-34B4-40D6-B0F2-DAB995D470A5}.Release|ARM.Build.0 = Release|Any CPU
		{03B6ADCB-34B4-40D6-B0F2-DAB995D470A5}.Release|x64.ActiveCfg = Release|Any CPU
		{03B6ADCB-34B4-40D6-B0F2-DAB995D470A5}.Release|x64.Build.0 = Release|Any CPU
		{03B6ADCB-34B4-40D6-B0F2-DAB995D470A5}.Release|x86.ActiveCfg = Release|Any CPU
		{03B6ADCB-34B4-40D6-B0F2-DAB995D470A5}.Release|x86.Build.0 = Release|Any CPU
		{8F6419FA-9EB0-4922-BE2C-4381526B09A9}.Debug|Any CPU.ActiveCfg = Debug|Any CPU
		{8F6419FA-9EB0-4922-BE2C-4381526B09A9}.Debug|Any CPU.Build.0 = Debug|Any CPU
		{8F6419FA-9EB0-4922-BE2C-4381526B09A9}.Debug|ARM.ActiveCfg = Debug|Any CPU
		{8F6419FA-9EB0-4922-BE2C-4381526B09A9}.Debug|ARM.Build.0 = Debug|Any CPU
		{8F6419FA-9EB0-4922-BE2C-4381526B09A9}.Debug|x64.ActiveCfg = Debug|Any CPU
		{8F6419FA-9EB0-4922-BE2C-4381526B09A9}.Debug|x64.Build.0 = Debug|Any CPU
		{8F6419FA-9EB0-4922-BE2C-4381526B09A9}.Debug|x86.ActiveCfg = Debug|Any CPU
		{8F6419FA-9EB0-4922-BE2C-4381526B09A9}.Debug|x86.Build.0 = Debug|Any CPU
		{8F6419FA-9EB0-4922-BE2C-4381526B09A9}.Release|Any CPU.ActiveCfg = Release|Any CPU
		{8F6419FA-9EB0-4922-BE2C-4381526B09A9}.Release|Any CPU.Build.0 = Release|Any CPU
		{8F6419FA-9EB0-4922-BE2C-4381526B09A9}.Release|ARM.ActiveCfg = Release|Any CPU
		{8F6419FA-9EB0-4922-BE2C-4381526B09A9}.Release|ARM.Build.0 = Release|Any CPU
		{8F6419FA-9EB0-4922-BE2C-4381526B09A9}.Release|x64.ActiveCfg = Release|Any CPU
		{8F6419FA-9EB0-4922-BE2C-4381526B09A9}.Release|x64.Build.0 = Release|Any CPU
		{8F6419FA-9EB0-4922-BE2C-4381526B09A9}.Release|x86.ActiveCfg = Release|Any CPU
		{8F6419FA-9EB0-4922-BE2C-4381526B09A9}.Release|x86.Build.0 = Release|Any CPU
		{F96DC7A1-B075-436D-B6F9-0909C86D50B0}.Debug|Any CPU.ActiveCfg = Debug|Any CPU
		{F96DC7A1-B075-436D-B6F9-0909C86D50B0}.Debug|Any CPU.Build.0 = Debug|Any CPU
		{F96DC7A1-B075-436D-B6F9-0909C86D50B0}.Debug|ARM.ActiveCfg = Debug|Any CPU
		{F96DC7A1-B075-436D-B6F9-0909C86D50B0}.Debug|ARM.Build.0 = Debug|Any CPU
		{F96DC7A1-B075-436D-B6F9-0909C86D50B0}.Debug|x64.ActiveCfg = Debug|Any CPU
		{F96DC7A1-B075-436D-B6F9-0909C86D50B0}.Debug|x64.Build.0 = Debug|Any CPU
		{F96DC7A1-B075-436D-B6F9-0909C86D50B0}.Debug|x86.ActiveCfg = Debug|Any CPU
		{F96DC7A1-B075-436D-B6F9-0909C86D50B0}.Debug|x86.Build.0 = Debug|Any CPU
		{F96DC7A1-B075-436D-B6F9-0909C86D50B0}.Release|Any CPU.ActiveCfg = Release|Any CPU
		{F96DC7A1-B075-436D-B6F9-0909C86D50B0}.Release|Any CPU.Build.0 = Release|Any CPU
		{F96DC7A1-B075-436D-B6F9-0909C86D50B0}.Release|ARM.ActiveCfg = Release|Any CPU
		{F96DC7A1-B075-436D-B6F9-0909C86D50B0}.Release|ARM.Build.0 = Release|Any CPU
		{F96DC7A1-B075-436D-B6F9-0909C86D50B0}.Release|x64.ActiveCfg = Release|Any CPU
		{F96DC7A1-B075-436D-B6F9-0909C86D50B0}.Release|x64.Build.0 = Release|Any CPU
		{F96DC7A1-B075-436D-B6F9-0909C86D50B0}.Release|x86.ActiveCfg = Release|Any CPU
		{F96DC7A1-B075-436D-B6F9-0909C86D50B0}.Release|x86.Build.0 = Release|Any CPU
	EndGlobalSection
	GlobalSection(SolutionProperties) = preSolution
		HideSolutionNode = FALSE
	EndGlobalSection
	GlobalSection(NestedProjects) = preSolution
		{B36D9128-B203-414C-A29A-95556FFAD775} = {C1AEB1E1-FD6E-4CF7-ADD8-E35AFEF6F8C4}
		{2CCB9AC0-76F2-4074-9201-94AC9481E2A6} = {C1AEB1E1-FD6E-4CF7-ADD8-E35AFEF6F8C4}
		{11957C7E-171E-4D31-B50A-ACE628DF2AB1} = {C1AEB1E1-FD6E-4CF7-ADD8-E35AFEF6F8C4}
		{03B6ADCB-34B4-40D6-B0F2-DAB995D470A5} = {C1AEB1E1-FD6E-4CF7-ADD8-E35AFEF6F8C4}
		{8F6419FA-9EB0-4922-BE2C-4381526B09A9} = {C1AEB1E1-FD6E-4CF7-ADD8-E35AFEF6F8C4}
	EndGlobalSection
EndGlobal
